// !$*UTF8*$!
{
	archiveVersion = 1;
	classes = {
	};
	objectVersion = 46;
	objects = {

/* Begin PBXBuildFile section */
		3127B23E1918F1D90013A476 /* Foundation.framework in Frameworks */ = {isa = PBXBuildFile; fileRef = 3127B23D1918F1D90013A476 /* Foundation.framework */; };
		3127B2401918F1D90013A476 /* CoreGraphics.framework in Frameworks */ = {isa = PBXBuildFile; fileRef = 3127B23F1918F1D90013A476 /* CoreGraphics.framework */; };
		3127B2421918F1D90013A476 /* UIKit.framework in Frameworks */ = {isa = PBXBuildFile; fileRef = 3127B2411918F1D90013A476 /* UIKit.framework */; };
		3127B2481918F1D90013A476 /* InfoPlist.strings in Resources */ = {isa = PBXBuildFile; fileRef = 3127B2461918F1D90013A476 /* InfoPlist.strings */; };
		3127B24A1918F1D90013A476 /* main.m in Sources */ = {isa = PBXBuildFile; fileRef = 3127B2491918F1D90013A476 /* main.m */; };
		3127B24E1918F1D90013A476 /* GJAppDelegate.m in Sources */ = {isa = PBXBuildFile; fileRef = 3127B24D1918F1D90013A476 /* GJAppDelegate.m */; };
		3127B2511918F1D90013A476 /* Main.storyboard in Resources */ = {isa = PBXBuildFile; fileRef = 3127B24F1918F1D90013A476 /* Main.storyboard */; };
		3127B2541918F1D90013A476 /* GJViewController.m in Sources */ = {isa = PBXBuildFile; fileRef = 3127B2531918F1D90013A476 /* GJViewController.m */; };
		3127B2561918F1D90013A476 /* Images.xcassets in Resources */ = {isa = PBXBuildFile; fileRef = 3127B2551918F1D90013A476 /* Images.xcassets */; };
		3127B25D1918F1D90013A476 /* XCTest.framework in Frameworks */ = {isa = PBXBuildFile; fileRef = 3127B25C1918F1D90013A476 /* XCTest.framework */; };
		3127B25E1918F1D90013A476 /* Foundation.framework in Frameworks */ = {isa = PBXBuildFile; fileRef = 3127B23D1918F1D90013A476 /* Foundation.framework */; };
		3127B25F1918F1D90013A476 /* UIKit.framework in Frameworks */ = {isa = PBXBuildFile; fileRef = 3127B2411918F1D90013A476 /* UIKit.framework */; };
		3127B2671918F1D90013A476 /* InfoPlist.strings in Resources */ = {isa = PBXBuildFile; fileRef = 3127B2651918F1D90013A476 /* InfoPlist.strings */; };
		3127B2691918F1D90013A476 /* HelloWorldTests.m in Sources */ = {isa = PBXBuildFile; fileRef = 3127B2681918F1D90013A476 /* HelloWorldTests.m */; };
/* End PBXBuildFile section */

/* Begin PBXContainerItemProxy section */
		3127B2601918F1D90013A476 /* PBXContainerItemProxy */ = {
			isa = PBXContainerItemProxy;
			containerPortal = 3127B2321918F1D90013A476 /* Project object */;
			proxyType = 1;
			remoteGlobalIDString = 3127B2391918F1D90013A476;
			remoteInfo = HelloWorld;
		};
/* End PBXContainerItemProxy section */

/* Begin PBXFileReference section */
		3127B23A1918F1D90013A476 /* HelloWorld.app */ = {isa = PBXFileReference; explicitFileType = wrapper.application; includeInIndex = 0; path = HelloWorld.app; sourceTree = BUILT_PRODUCTS_DIR; };
		3127B23D1918F1D90013A476 /* Foundation.framework */ = {isa = PBXFileReference; lastKnownFileType = wrapper.framework; name = Foundation.framework; path = System/Library/Frameworks/Foundation.framework; sourceTree = SDKROOT; };
		3127B23F1918F1D90013A476 /* CoreGraphics.framework */ = {isa = PBXFileReference; lastKnownFileType = wrapper.framework; name = CoreGraphics.framework; path = System/Library/Frameworks/CoreGraphics.framework; sourceTree = SDKROOT; };
		3127B2411918F1D90013A476 /* UIKit.framework */ = {isa = PBXFileReference; lastKnownFileType = wrapper.framework; name = UIKit.framework; path = System/Library/Frameworks/UIKit.framework; sourceTree = SDKROOT; };
		3127B2451918F1D90013A476 /* HelloWorld-Info.plist */ = {isa = PBXFileReference; lastKnownFileType = text.plist.xml; path = "HelloWorld-Info.plist"; sourceTree = "<group>"; };
		3127B2471918F1D90013A476 /* en */ = {isa = PBXFileReference; lastKnownFileType = text.plist.strings; name = en; path = en.lproj/InfoPlist.strings; sourceTree = "<group>"; };
		3127B2491918F1D90013A476 /* main.m */ = {isa = PBXFileReference; lastKnownFileType = sourcecode.c.objc; path = main.m; sourceTree = "<group>"; };
		3127B24B1918F1D90013A476 /* HelloWorld-Prefix.pch */ = {isa = PBXFileReference; lastKnownFileType = sourcecode.c.h; path = "HelloWorld-Prefix.pch"; sourceTree = "<group>"; };
		3127B24C1918F1D90013A476 /* GJAppDelegate.h */ = {isa = PBXFileReference; lastKnownFileType = sourcecode.c.h; path = GJAppDelegate.h; sourceTree = "<group>"; };
		3127B24D1918F1D90013A476 /* GJAppDelegate.m */ = {isa = PBXFileReference; lastKnownFileType = sourcecode.c.objc; path = GJAppDelegate.m; sourceTree = "<group>"; };
		3127B2501918F1D90013A476 /* Base */ = {isa = PBXFileReference; lastKnownFileType = file.storyboard; name = Base; path = Base.lproj/Main.storyboard; sourceTree = "<group>"; };
		3127B2521918F1D90013A476 /* GJViewController.h */ = {isa = PBXFileReference; lastKnownFileType = sourcecode.c.h; path = GJViewController.h; sourceTree = "<group>"; };
		3127B2531918F1D90013A476 /* GJViewController.m */ = {isa = PBXFileReference; lastKnownFileType = sourcecode.c.objc; path = GJViewController.m; sourceTree = "<group>"; };
		3127B2551918F1D90013A476 /* Images.xcassets */ = {isa = PBXFileReference; lastKnownFileType = folder.assetcatalog; path = Images.xcassets; sourceTree = "<group>"; };
		3127B25B1918F1D90013A476 /* HelloWorldTests.xctest */ = {isa = PBXFileReference; explicitFileType = wrapper.cfbundle; includeInIndex = 0; path = HelloWorldTests.xctest; sourceTree = BUILT_PRODUCTS_DIR; };
		3127B25C1918F1D90013A476 /* XCTest.framework */ = {isa = PBXFileReference; lastKnownFileType = wrapper.framework; name = XCTest.framework; path = Library/Frameworks/XCTest.framework; sourceTree = DEVELOPER_DIR; };
		3127B2641918F1D90013A476 /* HelloWorldTests-Info.plist */ = {isa = PBXFileReference; lastKnownFileType = text.plist.xml; path = "HelloWorldTests-Info.plist"; sourceTree = "<group>"; };
		3127B2661918F1D90013A476 /* en */ = {isa = PBXFileReference; lastKnownFileType = text.plist.strings; name = en; path = en.lproj/InfoPlist.strings; sourceTree = "<group>"; };
		3127B2681918F1D90013A476 /* HelloWorldTests.m */ = {isa = PBXFileReference; lastKnownFileType = sourcecode.c.objc; path = HelloWorldTests.m; sourceTree = "<group>"; };
/* End PBXFileReference section */

/* Begin PBXFrameworksBuildPhase section */
		3127B2371918F1D90013A476 /* Frameworks */ = {
			isa = PBXFrameworksBuildPhase;
			buildActionMask = 2147483647;
			files = (
				3127B2401918F1D90013A476 /* CoreGraphics.framework in Frameworks */,
				3127B2421918F1D90013A476 /* UIKit.framework in Frameworks */,
				3127B23E1918F1D90013A476 /* Foundation.framework in Frameworks */,
			);
			runOnlyForDeploymentPostprocessing = 0;
		};
		3127B2581918F1D90013A476 /* Frameworks */ = {
			isa = PBXFrameworksBuildPhase;
			buildActionMask = 2147483647;
			files = (
				3127B25D1918F1D90013A476 /* XCTest.framework in Frameworks */,
				3127B25F1918F1D90013A476 /* UIKit.framework in Frameworks */,
				3127B25E1918F1D90013A476 /* Foundation.framework in Frameworks */,
			);
			runOnlyForDeploymentPostprocessing = 0;
		};
/* End PBXFrameworksBuildPhase section */

/* Begin PBXGroup section */
		3127B2311918F1D90013A476 = {
			isa = PBXGroup;
			children = (
				3127B2431918F1D90013A476 /* HelloWorld */,
				3127B2621918F1D90013A476 /* HelloWorldTests */,
				3127B23C1918F1D90013A476 /* Frameworks */,
				3127B23B1918F1D90013A476 /* Products */,
			);
			sourceTree = "<group>";
		};
		3127B23B1918F1D90013A476 /* Products */ = {
			isa = PBXGroup;
			children = (
				3127B23A1918F1D90013A476 /* HelloWorld.app */,
				3127B25B1918F1D90013A476 /* HelloWorldTests.xctest */,
			);
			name = Products;
			sourceTree = "<group>";
		};
		3127B23C1918F1D90013A476 /* Frameworks */ = {
			isa = PBXGroup;
			children = (
				3127B23D1918F1D90013A476 /* Foundation.framework */,
				3127B23F1918F1D90013A476 /* CoreGraphics.framework */,
				3127B2411918F1D90013A476 /* UIKit.framework */,
				3127B25C1918F1D90013A476 /* XCTest.framework */,
			);
			name = Frameworks;
			sourceTree = "<group>";
		};
		3127B2431918F1D90013A476 /* HelloWorld */ = {
			isa = PBXGroup;
			children = (
				3127B24C1918F1D90013A476 /* GJAppDelegate.h */,
				3127B24D1918F1D90013A476 /* GJAppDelegate.m */,
				3127B24F1918F1D90013A476 /* Main.storyboard */,
				3127B2521918F1D90013A476 /* GJViewController.h */,
				3127B2531918F1D90013A476 /* GJViewController.m */,
				3127B2551918F1D90013A476 /* Images.xcassets */,
				3127B2441918F1D90013A476 /* Supporting Files */,
			);
			path = HelloWorld;
			sourceTree = "<group>";
		};
		3127B2441918F1D90013A476 /* Supporting Files */ = {
			isa = PBXGroup;
			children = (
				3127B2451918F1D90013A476 /* HelloWorld-Info.plist */,
				3127B2461918F1D90013A476 /* InfoPlist.strings */,
				3127B2491918F1D90013A476 /* main.m */,
				3127B24B1918F1D90013A476 /* HelloWorld-Prefix.pch */,
			);
			name = "Supporting Files";
			sourceTree = "<group>";
		};
		3127B2621918F1D90013A476 /* HelloWorldTests */ = {
			isa = PBXGroup;
			children = (
				3127B2681918F1D90013A476 /* HelloWorldTests.m */,
				3127B2631918F1D90013A476 /* Supporting Files */,
			);
			path = HelloWorldTests;
			sourceTree = "<group>";
		};
		3127B2631918F1D90013A476 /* Supporting Files */ = {
			isa = PBXGroup;
			children = (
				3127B2641918F1D90013A476 /* HelloWorldTests-Info.plist */,
				3127B2651918F1D90013A476 /* InfoPlist.strings */,
			);
			name = "Supporting Files";
			sourceTree = "<group>";
		};
/* End PBXGroup section */

/* Begin PBXNativeTarget section */
		3127B2391918F1D90013A476 /* HelloWorld */ = {
			isa = PBXNativeTarget;
			buildConfigurationList = 3127B26C1918F1D90013A476 /* Build configuration list for PBXNativeTarget "HelloWorld" */;
			buildPhases = (
				3127B2361918F1D90013A476 /* Sources */,
				3127B2371918F1D90013A476 /* Frameworks */,
				3127B2381918F1D90013A476 /* Resources */,
			);
			buildRules = (
			);
			dependencies = (
			);
			name = HelloWorld;
			productName = HelloWorld;
			productReference = 3127B23A1918F1D90013A476 /* HelloWorld.app */;
			productType = "com.apple.product-type.application";
		};
		3127B25A1918F1D90013A476 /* HelloWorldTests */ = {
			isa = PBXNativeTarget;
			buildConfigurationList = 3127B26F1918F1D90013A476 /* Build configuration list for PBXNativeTarget "HelloWorldTests" */;
			buildPhases = (
				3127B2571918F1D90013A476 /* Sources */,
				3127B2581918F1D90013A476 /* Frameworks */,
				3127B2591918F1D90013A476 /* Resources */,
			);
			buildRules = (
			);
			dependencies = (
				3127B2611918F1D90013A476 /* PBXTargetDependency */,
			);
			name = HelloWorldTests;
			productName = HelloWorldTests;
			productReference = 3127B25B1918F1D90013A476 /* HelloWorldTests.xctest */;
			productType = "com.apple.product-type.bundle.unit-test";
		};
/* End PBXNativeTarget section */

/* Begin PBXProject section */
		3127B2321918F1D90013A476 /* Project object */ = {
			isa = PBXProject;
			attributes = {
				CLASSPREFIX = GJ;
				LastUpgradeCheck = 0510;
				ORGANIZATIONNAME = withtrip;
				TargetAttributes = {
					3127B25A1918F1D90013A476 = {
						TestTargetID = 3127B2391918F1D90013A476;
					};
				};
			};
			buildConfigurationList = 3127B2351918F1D90013A476 /* Build configuration list for PBXProject "HelloWorld" */;
			compatibilityVersion = "Xcode 3.2";
			developmentRegion = English;
			hasScannedForEncodings = 0;
			knownRegions = (
				en,
				Base,
			);
			mainGroup = 3127B2311918F1D90013A476;
			productRefGroup = 3127B23B1918F1D90013A476 /* Products */;
			projectDirPath = "";
			projectRoot = "";
			targets = (
				3127B2391918F1D90013A476 /* HelloWorld */,
				3127B25A1918F1D90013A476 /* HelloWorldTests */,
			);
		};
/* End PBXProject section */

/* Begin PBXResourcesBuildPhase section */
		3127B2381918F1D90013A476 /* Resources */ = {
			isa = PBXResourcesBuildPhase;
			buildActionMask = 2147483647;
			files = (
				3127B2561918F1D90013A476 /* Images.xcassets in Resources */,
				3127B2481918F1D90013A476 /* InfoPlist.strings in Resources */,
				3127B2511918F1D90013A476 /* Main.storyboard in Resources */,
			);
			runOnlyForDeploymentPostprocessing = 0;
		};
		3127B2591918F1D90013A476 /* Resources */ = {
			isa = PBXResourcesBuildPhase;
			buildActionMask = 2147483647;
			files = (
				3127B2671918F1D90013A476 /* InfoPlist.strings in Resources */,
			);
			runOnlyForDeploymentPostprocessing = 0;
		};
/* End PBXResourcesBuildPhase section */

/* Begin PBXSourcesBuildPhase section */
		3127B2361918F1D90013A476 /* Sources */ = {
			isa = PBXSourcesBuildPhase;
			buildActionMask = 2147483647;
			files = (
				3127B24A1918F1D90013A476 /* main.m in Sources */,
				3127B2541918F1D90013A476 /* GJViewController.m in Sources */,
				3127B24E1918F1D90013A476 /* GJAppDelegate.m in Sources */,
			);
			runOnlyForDeploymentPostprocessing = 0;
		};
		3127B2571918F1D90013A476 /* Sources */ = {
			isa = PBXSourcesBuildPhase;
			buildActionMask = 2147483647;
			files = (
				3127B2691918F1D90013A476 /* HelloWorldTests.m in Sources */,
			);
			runOnlyForDeploymentPostprocessing = 0;
		};
/* End PBXSourcesBuildPhase section */

/* Begin PBXTargetDependency section */
		3127B2611918F1D90013A476 /* PBXTargetDependency */ = {
			isa = PBXTargetDependency;
			target = 3127B2391918F1D90013A476 /* HelloWorld */;
			targetProxy = 3127B2601918F1D90013A476 /* PBXContainerItemProxy */;
		};
/* End PBXTargetDependency section */

/* Begin PBXVariantGroup section */
		3127B2461918F1D90013A476 /* InfoPlist.strings */ = {
			isa = PBXVariantGroup;
			children = (
				3127B2471918F1D90013A476 /* en */,
			);
			name = InfoPlist.strings;
			sourceTree = "<group>";
		};
		3127B24F1918F1D90013A476 /* Main.storyboard */ = {
			isa = PBXVariantGroup;
			children = (
				3127B2501918F1D90013A476 /* Base */,
			);
			name = Main.storyboard;
			sourceTree = "<group>";
		};
		3127B2651918F1D90013A476 /* InfoPlist.strings */ = {
			isa = PBXVariantGroup;
			children = (
				3127B2661918F1D90013A476 /* en */,
			);
			name = InfoPlist.strings;
			sourceTree = "<group>";
		};
/* End PBXVariantGroup section */

/* Begin XCBuildConfiguration section */
		3127B26A1918F1D90013A476 /* Debug */ = {
			isa = XCBuildConfiguration;
			buildSettings = {
				ALWAYS_SEARCH_USER_PATHS = NO;
				CLANG_CXX_LANGUAGE_STANDARD = "gnu++0x";
				CLANG_CXX_LIBRARY = "libc++";
				CLANG_ENABLE_MODULES = YES;
				CLANG_ENABLE_OBJC_ARC = YES;
				CLANG_WARN_BOOL_CONVERSION = YES;
				CLANG_WARN_CONSTANT_CONVERSION = YES;
				CLANG_WARN_DIRECT_OBJC_ISA_USAGE = YES_ERROR;
				CLANG_WARN_EMPTY_BODY = YES;
				CLANG_WARN_ENUM_CONVERSION = YES;
				CLANG_WARN_INT_CONVERSION = YES;
				CLANG_WARN_OBJC_ROOT_CLASS = YES_ERROR;
				CLANG_WARN__DUPLICATE_METHOD_MATCH = YES;
				"CODE_SIGN_IDENTITY[sdk=iphoneos*]" = "iPhone Developer";
				COPY_PHASE_STRIP = NO;
				GCC_C_LANGUAGE_STANDARD = gnu99;
				GCC_DYNAMIC_NO_PIC = NO;
				GCC_OPTIMIZATION_LEVEL = 0;
				GCC_PREPROCESSOR_DEFINITIONS = (
					"DEBUG=1",
					"$(inherited)",
				);
				GCC_SYMBOLS_PRIVATE_EXTERN = NO;
				GCC_WARN_64_TO_32_BIT_CONVERSION = YES;
				GCC_WARN_ABOUT_RETURN_TYPE = YES_ERROR;
				GCC_WARN_UNDECLARED_SELECTOR = YES;
				GCC_WARN_UNINITIALIZED_AUTOS = YES_AGGRESSIVE;
				GCC_WARN_UNUSED_FUNCTION = YES;
				GCC_WARN_UNUSED_VARIABLE = YES;
				IPHONEOS_DEPLOYMENT_TARGET = 7.1;
				ONLY_ACTIVE_ARCH = YES;
				SDKROOT = iphoneos;
			};
			name = Debug;
		};
		3127B26B1918F1D90013A476 /* Release */ = {
			isa = XCBuildConfiguration;
			buildSettings = {
				ALWAYS_SEARCH_USER_PATHS = NO;
				CLANG_CXX_LANGUAGE_STANDARD = "gnu++0x";
				CLANG_CXX_LIBRARY = "libc++";
				CLANG_ENABLE_MODULES = YES;
				CLANG_ENABLE_OBJC_ARC = YES;
				CLANG_WARN_BOOL_CONVERSION = YES;
				CLANG_WARN_CONSTANT_CONVERSION = YES;
				CLANG_WARN_DIRECT_OBJC_ISA_USAGE = YES_ERROR;
				CLANG_WARN_EMPTY_BODY = YES;
				CLANG_WARN_ENUM_CONVERSION = YES;
				CLANG_WARN_INT_CONVERSION = YES;
				CLANG_WARN_OBJC_ROOT_CLASS = YES_ERROR;
				CLANG_WARN__DUPLICATE_METHOD_MATCH = YES;
				"CODE_SIGN_IDENTITY[sdk=iphoneos*]" = "iPhone Developer";
				COPY_PHASE_STRIP = YES;
				ENABLE_NS_ASSERTIONS = NO;
				GCC_C_LANGUAGE_STANDARD = gnu99;
				GCC_WARN_64_TO_32_BIT_CONVERSION = YES;
				GCC_WARN_ABOUT_RETURN_TYPE = YES_ERROR;
				GCC_WARN_UNDECLARED_SELECTOR = YES;
				GCC_WARN_UNINITIALIZED_AUTOS = YES_AGGRESSIVE;
				GCC_WARN_UNUSED_FUNCTION = YES;
				GCC_WARN_UNUSED_VARIABLE = YES;
				IPHONEOS_DEPLOYMENT_TARGET = 7.1;
				SDKROOT = iphoneos;
				VALIDATE_PRODUCT = YES;
			};
			name = Release;
		};
		3127B26D1918F1D90013A476 /* Debug */ = {
			isa = XCBuildConfiguration;
			buildSettings = {
				ASSETCATALOG_COMPILER_APPICON_NAME = AppIcon;
				ASSETCATALOG_COMPILER_LAUNCHIMAGE_NAME = LaunchImage;
				GCC_PRECOMPILE_PREFIX_HEADER = YES;
				GCC_PREFIX_HEADER = "HelloWorld/HelloWorld-Prefix.pch";
				INFOPLIST_FILE = "HelloWorld/HelloWorld-Info.plist";
				PRODUCT_NAME = "$(TARGET_NAME)";
				WRAPPER_EXTENSION = app;
			};
			name = Debug;
		};
		3127B26E1918F1D90013A476 /* Release */ = {
			isa = XCBuildConfiguration;
			buildSettings = {
				ASSETCATALOG_COMPILER_APPICON_NAME = AppIcon;
				ASSETCATALOG_COMPILER_LAUNCHIMAGE_NAME = LaunchImage;
				GCC_PRECOMPILE_PREFIX_HEADER = YES;
				GCC_PREFIX_HEADER = "HelloWorld/HelloWorld-Prefix.pch";
				INFOPLIST_FILE = "HelloWorld/HelloWorld-Info.plist";
				PRODUCT_NAME = "$(TARGET_NAME)";
				WRAPPER_EXTENSION = app;
			};
			name = Release;
		};
		3127B2701918F1D90013A476 /* Debug */ = {
			isa = XCBuildConfiguration;
			buildSettings = {
				BUNDLE_LOADER = "$(BUILT_PRODUCTS_DIR)/HelloWorld.app/HelloWorld";
				FRAMEWORK_SEARCH_PATHS = (
					"$(SDKROOT)/Developer/Library/Frameworks",
					"$(inherited)",
					"$(DEVELOPER_FRAMEWORKS_DIR)",
				);
				GCC_PRECOMPILE_PREFIX_HEADER = YES;
				GCC_PREFIX_HEADER = "HelloWorld/HelloWorld-Prefix.pch";
				GCC_PREPROCESSOR_DEFINITIONS = (
					"DEBUG=1",
					"$(inherited)",
				);
				INFOPLIST_FILE = "HelloWorldTests/HelloWorldTests-Info.plist";
				PRODUCT_NAME = "$(TARGET_NAME)";
				TEST_HOST = "$(BUNDLE_LOADER)";
				WRAPPER_EXTENSION = xctest;
			};
			name = Debug;
		};
		3127B2711918F1D90013A476 /* Release */ = {
			isa = XCBuildConfiguration;
			buildSettings = {
				BUNDLE_LOADER = "$(BUILT_PRODUCTS_DIR)/HelloWorld.app/HelloWorld";
				FRAMEWORK_SEARCH_PATHS = (
					"$(SDKROOT)/Developer/Library/Frameworks",
					"$(inherited)",
					"$(DEVELOPER_FRAMEWORKS_DIR)",
				);
				GCC_PRECOMPILE_PREFIX_HEADER = YES;
				GCC_PREFIX_HEADER = "HelloWorld/HelloWorld-Prefix.pch";
				INFOPLIST_FILE = "HelloWorldTests/HelloWorldTests-Info.plist";
				PRODUCT_NAME = "$(TARGET_NAME)";
				TEST_HOST = "$(BUNDLE_LOADER)";
				WRAPPER_EXTENSION = xctest;
			};
			name = Release;
		};
/* End XCBuildConfiguration section */

/* Begin XCConfigurationList section */
		3127B2351918F1D90013A476 /* Build configuration list for PBXProject "HelloWorld" */ = {
			isa = XCConfigurationList;
			buildConfigurations = (
				3127B26A1918F1D90013A476 /* Debug */,
				3127B26B1918F1D90013A476 /* Release */,
			);
			defaultConfigurationIsVisible = 0;
			defaultConfigurationName = Release;
		};
		3127B26C1918F1D90013A476 /* Build configuration list for PBXNativeTarget "HelloWorld" */ = {
			isa = XCConfigurationList;
			buildConfigurations = (
				3127B26D1918F1D90013A476 /* Debug */,
				3127B26E1918F1D90013A476 /* Release */,
			);
			defaultConfigurationIsVisible = 0;
		};
		3127B26F1918F1D90013A476 /* Build configuration list for PBXNativeTarget "HelloWorldTests" */ = {
			isa = XCConfigurationList;
			buildConfigurations = (
				3127B2701918F1D90013A476 /* Debug */,
				3127B2711918F1D90013A476 /* Release */,
			);
			defaultConfigurationIsVisible = 0;
		};
/* End XCConfigurationList section */
	};
	rootObject = 3127B2321918F1D90013A476 /* Project object */;
}
